// !$*UTF8*$!
{
	archiveVersion = 1;
	classes = {
	};
	objectVersion = 56;
	objects = {

/* Begin PBXBuildFile section */
		643D1D662BCF22260074DFDB /* RegistrationActivityView.swift in Sources */ = {isa = PBXBuildFile; fileRef = 643D1D532BCF22250074DFDB /* RegistrationActivityView.swift */; };
		643D1D672BCF22260074DFDB /* cameraView.swift in Sources */ = {isa = PBXBuildFile; fileRef = 643D1D542BCF22250074DFDB /* cameraView.swift */; };
		643D1D682BCF22260074DFDB /* LoginViewViewModel.swift in Sources */ = {isa = PBXBuildFile; fileRef = 643D1D552BCF22250074DFDB /* LoginViewViewModel.swift */; };
		643D1D6A2BCF22260074DFDB /* ExerciseListView.swift in Sources */ = {isa = PBXBuildFile; fileRef = 643D1D572BCF22250074DFDB /* ExerciseListView.swift */; };
		643D1D6B2BCF22260074DFDB /* StorageManager.swift in Sources */ = {isa = PBXBuildFile; fileRef = 643D1D582BCF22250074DFDB /* StorageManager.swift */; };
		643D1D6C2BCF22260074DFDB /* Exercise.swift in Sources */ = {isa = PBXBuildFile; fileRef = 643D1D592BCF22250074DFDB /* Exercise.swift */; };
		643D1D6D2BCF22260074DFDB /* CategoryRow.swift in Sources */ = {isa = PBXBuildFile; fileRef = 643D1D5A2BCF22250074DFDB /* CategoryRow.swift */; };
		643D1D6E2BCF22260074DFDB /* DetailView.swift in Sources */ = {isa = PBXBuildFile; fileRef = 643D1D5B2BCF22250074DFDB /* DetailView.swift */; };
		643D1D6F2BCF22260074DFDB /* SignInView.swift in Sources */ = {isa = PBXBuildFile; fileRef = 643D1D5C2BCF22250074DFDB /* SignInView.swift */; };
		643D1D702BCF22260074DFDB /* contextMenu.swift in Sources */ = {isa = PBXBuildFile; fileRef = 643D1D5D2BCF22250074DFDB /* contextMenu.swift */; };
		643D1D712BCF22260074DFDB /* AuthenticationManager.swift in Sources */ = {isa = PBXBuildFile; fileRef = 643D1D5E2BCF22260074DFDB /* AuthenticationManager.swift */; };
		643D1D722BCF22260074DFDB /* MuscleListView.swift in Sources */ = {isa = PBXBuildFile; fileRef = 643D1D5F2BCF22260074DFDB /* MuscleListView.swift */; };
		643D1D732BCF22260074DFDB /* navigationBarTest.swift in Sources */ = {isa = PBXBuildFile; fileRef = 643D1D602BCF22260074DFDB /* navigationBarTest.swift */; };
		643D1D752BCF22260074DFDB /* ImagePicker.swift in Sources */ = {isa = PBXBuildFile; fileRef = 643D1D622BCF22260074DFDB /* ImagePicker.swift */; };
		643D1D772BCF22260074DFDB /* SignInRootView.swift in Sources */ = {isa = PBXBuildFile; fileRef = 643D1D642BCF22260074DFDB /* SignInRootView.swift */; };
		643D1D782BCF22260074DFDB /* NetworkModel.swift in Sources */ = {isa = PBXBuildFile; fileRef = 643D1D652BCF22260074DFDB /* NetworkModel.swift */; };
		643D1D7B2BCF23060074DFDB /* FirebaseAnalytics in Frameworks */ = {isa = PBXBuildFile; productRef = 643D1D7A2BCF23060074DFDB /* FirebaseAnalytics */; };
		643D1D7D2BCF23060074DFDB /* FirebaseAuth in Frameworks */ = {isa = PBXBuildFile; productRef = 643D1D7C2BCF23060074DFDB /* FirebaseAuth */; };
		643D1D7F2BCF23060074DFDB /* FirebaseFirestore in Frameworks */ = {isa = PBXBuildFile; productRef = 643D1D7E2BCF23060074DFDB /* FirebaseFirestore */; };
		643D1D812BCF23060074DFDB /* FirebaseStorage in Frameworks */ = {isa = PBXBuildFile; productRef = 643D1D802BCF23060074DFDB /* FirebaseStorage */; };
		643D1D832BCF238C0074DFDB /* ContentView.swift in Sources */ = {isa = PBXBuildFile; fileRef = 643D1D822BCF238C0074DFDB /* ContentView.swift */; };
		643D1D852BCF25020074DFDB /* GoogleService-Info (1).plist in Resources */ = {isa = PBXBuildFile; fileRef = 643D1D842BCF25020074DFDB /* GoogleService-Info (1).plist */; };
		643D1D872BCF25650074DFDB /* FirebaseFunctions in Frameworks */ = {isa = PBXBuildFile; productRef = 643D1D862BCF25650074DFDB /* FirebaseFunctions */; };
		643D1D892BCF25650074DFDB /* FirebaseInstallations in Frameworks */ = {isa = PBXBuildFile; productRef = 643D1D882BCF25650074DFDB /* FirebaseInstallations */; };
		643D1D8B2BCF25650074DFDB /* FirebaseMessaging in Frameworks */ = {isa = PBXBuildFile; productRef = 643D1D8A2BCF25650074DFDB /* FirebaseMessaging */; };
		643D1D8D2BCF25650074DFDB /* FirebasePerformance in Frameworks */ = {isa = PBXBuildFile; productRef = 643D1D8C2BCF25650074DFDB /* FirebasePerformance */; };
		F0153D642BCF1D600027119F /* GymAPPApp.swift in Sources */ = {isa = PBXBuildFile; fileRef = F0153D632BCF1D600027119F /* GymAPPApp.swift */; };
		F0153D682BCF1D620027119F /* Assets.xcassets in Resources */ = {isa = PBXBuildFile; fileRef = F0153D672BCF1D620027119F /* Assets.xcassets */; };
		F0153D6C2BCF1D620027119F /* Preview Assets.xcassets in Resources */ = {isa = PBXBuildFile; fileRef = F0153D6B2BCF1D620027119F /* Preview Assets.xcassets */; };
		F0153D762BCF1D620027119F /* GymAPPTests.swift in Sources */ = {isa = PBXBuildFile; fileRef = F0153D752BCF1D620027119F /* GymAPPTests.swift */; };
		F0153D802BCF1D620027119F /* GymAPPUITests.swift in Sources */ = {isa = PBXBuildFile; fileRef = F0153D7F2BCF1D620027119F /* GymAPPUITests.swift */; };
		F0153D822BCF1D620027119F /* GymAPPUITestsLaunchTests.swift in Sources */ = {isa = PBXBuildFile; fileRef = F0153D812BCF1D620027119F /* GymAPPUITestsLaunchTests.swift */; };
/* End PBXBuildFile section */

/* Begin PBXContainerItemProxy section */
		F0153D722BCF1D620027119F /* PBXContainerItemProxy */ = {
			isa = PBXContainerItemProxy;
			containerPortal = F0153D582BCF1D600027119F /* Project object */;
			proxyType = 1;
			remoteGlobalIDString = F0153D5F2BCF1D600027119F;
			remoteInfo = GymAPP;
		};
		F0153D7C2BCF1D620027119F /* PBXContainerItemProxy */ = {
			isa = PBXContainerItemProxy;
			containerPortal = F0153D582BCF1D600027119F /* Project object */;
			proxyType = 1;
			remoteGlobalIDString = F0153D5F2BCF1D600027119F;
			remoteInfo = GymAPP;
		};
/* End PBXContainerItemProxy section */

/* Begin PBXFileReference section */
		643D1D532BCF22250074DFDB /* RegistrationActivityView.swift */ = {isa = PBXFileReference; fileEncoding = 4; lastKnownFileType = sourcecode.swift; path = RegistrationActivityView.swift; sourceTree = "<group>"; };
		643D1D542BCF22250074DFDB /* cameraView.swift */ = {isa = PBXFileReference; fileEncoding = 4; lastKnownFileType = sourcecode.swift; path = cameraView.swift; sourceTree = "<group>"; };
		643D1D552BCF22250074DFDB /* LoginViewViewModel.swift */ = {isa = PBXFileReference; fileEncoding = 4; lastKnownFileType = sourcecode.swift; path = LoginViewViewModel.swift; sourceTree = "<group>"; };
		643D1D572BCF22250074DFDB /* ExerciseListView.swift */ = {isa = PBXFileReference; fileEncoding = 4; lastKnownFileType = sourcecode.swift; path = ExerciseListView.swift; sourceTree = "<group>"; };
		643D1D582BCF22250074DFDB /* StorageManager.swift */ = {isa = PBXFileReference; fileEncoding = 4; lastKnownFileType = sourcecode.swift; path = StorageManager.swift; sourceTree = "<group>"; };
		643D1D592BCF22250074DFDB /* Exercise.swift */ = {isa = PBXFileReference; fileEncoding = 4; lastKnownFileType = sourcecode.swift; path = Exercise.swift; sourceTree = "<group>"; };
		643D1D5A2BCF22250074DFDB /* CategoryRow.swift */ = {isa = PBXFileReference; fileEncoding = 4; lastKnownFileType = sourcecode.swift; path = CategoryRow.swift; sourceTree = "<group>"; };
		643D1D5B2BCF22250074DFDB /* DetailView.swift */ = {isa = PBXFileReference; fileEncoding = 4; lastKnownFileType = sourcecode.swift; path = DetailView.swift; sourceTree = "<group>"; };
		643D1D5C2BCF22250074DFDB /* SignInView.swift */ = {isa = PBXFileReference; fileEncoding = 4; lastKnownFileType = sourcecode.swift; path = SignInView.swift; sourceTree = "<group>"; };
		643D1D5D2BCF22250074DFDB /* contextMenu.swift */ = {isa = PBXFileReference; fileEncoding = 4; lastKnownFileType = sourcecode.swift; path = contextMenu.swift; sourceTree = "<group>"; };
		643D1D5E2BCF22260074DFDB /* AuthenticationManager.swift */ = {isa = PBXFileReference; fileEncoding = 4; lastKnownFileType = sourcecode.swift; path = AuthenticationManager.swift; sourceTree = "<group>"; };
		643D1D5F2BCF22260074DFDB /* MuscleListView.swift */ = {isa = PBXFileReference; fileEncoding = 4; lastKnownFileType = sourcecode.swift; path = MuscleListView.swift; sourceTree = "<group>"; };
		643D1D602BCF22260074DFDB /* navigationBarTest.swift */ = {isa = PBXFileReference; fileEncoding = 4; lastKnownFileType = sourcecode.swift; path = navigationBarTest.swift; sourceTree = "<group>"; };
		643D1D622BCF22260074DFDB /* ImagePicker.swift */ = {isa = PBXFileReference; fileEncoding = 4; lastKnownFileType = sourcecode.swift; path = ImagePicker.swift; sourceTree = "<group>"; };
		643D1D642BCF22260074DFDB /* SignInRootView.swift */ = {isa = PBXFileReference; fileEncoding = 4; lastKnownFileType = sourcecode.swift; path = SignInRootView.swift; sourceTree = "<group>"; };
		643D1D652BCF22260074DFDB /* NetworkModel.swift */ = {isa = PBXFileReference; fileEncoding = 4; lastKnownFileType = sourcecode.swift; path = NetworkModel.swift; sourceTree = "<group>"; };
		643D1D822BCF238C0074DFDB /* ContentView.swift */ = {isa = PBXFileReference; fileEncoding = 4; lastKnownFileType = sourcecode.swift; path = ContentView.swift; sourceTree = "<group>"; };
		643D1D842BCF25020074DFDB /* GoogleService-Info (1).plist */ = {isa = PBXFileReference; fileEncoding = 4; lastKnownFileType = text.plist.xml; path = "GoogleService-Info (1).plist"; sourceTree = "<group>"; };
		F0153D602BCF1D600027119F /* GymAPP.app */ = {isa = PBXFileReference; explicitFileType = wrapper.application; includeInIndex = 0; path = GymAPP.app; sourceTree = BUILT_PRODUCTS_DIR; };
		F0153D632BCF1D600027119F /* GymAPPApp.swift */ = {isa = PBXFileReference; lastKnownFileType = sourcecode.swift; path = GymAPPApp.swift; sourceTree = "<group>"; };
		F0153D672BCF1D620027119F /* Assets.xcassets */ = {isa = PBXFileReference; lastKnownFileType = folder.assetcatalog; path = Assets.xcassets; sourceTree = "<group>"; };
		F0153D692BCF1D620027119F /* GymAPP.entitlements */ = {isa = PBXFileReference; lastKnownFileType = text.plist.entitlements; path = GymAPP.entitlements; sourceTree = "<group>"; };
		F0153D6B2BCF1D620027119F /* Preview Assets.xcassets */ = {isa = PBXFileReference; lastKnownFileType = folder.assetcatalog; path = "Preview Assets.xcassets"; sourceTree = "<group>"; };
		F0153D712BCF1D620027119F /* GymAPPTests.xctest */ = {isa = PBXFileReference; explicitFileType = wrapper.cfbundle; includeInIndex = 0; path = GymAPPTests.xctest; sourceTree = BUILT_PRODUCTS_DIR; };
		F0153D752BCF1D620027119F /* GymAPPTests.swift */ = {isa = PBXFileReference; lastKnownFileType = sourcecode.swift; path = GymAPPTests.swift; sourceTree = "<group>"; };
		F0153D7B2BCF1D620027119F /* GymAPPUITests.xctest */ = {isa = PBXFileReference; explicitFileType = wrapper.cfbundle; includeInIndex = 0; path = GymAPPUITests.xctest; sourceTree = BUILT_PRODUCTS_DIR; };
		F0153D7F2BCF1D620027119F /* GymAPPUITests.swift */ = {isa = PBXFileReference; lastKnownFileType = sourcecode.swift; path = GymAPPUITests.swift; sourceTree = "<group>"; };
		F0153D812BCF1D620027119F /* GymAPPUITestsLaunchTests.swift */ = {isa = PBXFileReference; lastKnownFileType = sourcecode.swift; path = GymAPPUITestsLaunchTests.swift; sourceTree = "<group>"; };
/* End PBXFileReference section */

/* Begin PBXFrameworksBuildPhase section */
		F0153D5D2BCF1D600027119F /* Frameworks */ = {
			isa = PBXFrameworksBuildPhase;
			buildActionMask = 2147483647;
			files = (
				643D1D7B2BCF23060074DFDB /* FirebaseAnalytics in Frameworks */,
				643D1D812BCF23060074DFDB /* FirebaseStorage in Frameworks */,
				643D1D8B2BCF25650074DFDB /* FirebaseMessaging in Frameworks */,
				643D1D872BCF25650074DFDB /* FirebaseFunctions in Frameworks */,
				643D1D892BCF25650074DFDB /* FirebaseInstallations in Frameworks */,
				643D1D7D2BCF23060074DFDB /* FirebaseAuth in Frameworks */,
				643D1D8D2BCF25650074DFDB /* FirebasePerformance in Frameworks */,
				643D1D7F2BCF23060074DFDB /* FirebaseFirestore in Frameworks */,
			);
			runOnlyForDeploymentPostprocessing = 0;
		};
		F0153D6E2BCF1D620027119F /* Frameworks */ = {
			isa = PBXFrameworksBuildPhase;
			buildActionMask = 2147483647;
			files = (
			);
			runOnlyForDeploymentPostprocessing = 0;
		};
		F0153D782BCF1D620027119F /* Frameworks */ = {
			isa = PBXFrameworksBuildPhase;
			buildActionMask = 2147483647;
			files = (
			);
			runOnlyForDeploymentPostprocessing = 0;
		};
/* End PBXFrameworksBuildPhase section */

/* Begin PBXGroup section */
		F0153D572BCF1D600027119F = {
			isa = PBXGroup;
			children = (
				F0153D622BCF1D600027119F /* GymAPP */,
				F0153D742BCF1D620027119F /* GymAPPTests */,
				F0153D7E2BCF1D620027119F /* GymAPPUITests */,
				F0153D612BCF1D600027119F /* Products */,
			);
			sourceTree = "<group>";
		};
		F0153D612BCF1D600027119F /* Products */ = {
			isa = PBXGroup;
			children = (
				F0153D602BCF1D600027119F /* GymAPP.app */,
				F0153D712BCF1D620027119F /* GymAPPTests.xctest */,
				F0153D7B2BCF1D620027119F /* GymAPPUITests.xctest */,
			);
			name = Products;
			sourceTree = "<group>";
		};
		F0153D622BCF1D600027119F /* GymAPP */ = {
			isa = PBXGroup;
			children = (
				643D1D842BCF25020074DFDB /* GoogleService-Info (1).plist */,
				643D1D822BCF238C0074DFDB /* ContentView.swift */,
				643D1D5E2BCF22260074DFDB /* AuthenticationManager.swift */,
				643D1D542BCF22250074DFDB /* cameraView.swift */,
				643D1D5A2BCF22250074DFDB /* CategoryRow.swift */,
				643D1D5D2BCF22250074DFDB /* contextMenu.swift */,
				643D1D5B2BCF22250074DFDB /* DetailView.swift */,
				643D1D592BCF22250074DFDB /* Exercise.swift */,
				643D1D572BCF22250074DFDB /* ExerciseListView.swift */,
				643D1D622BCF22260074DFDB /* ImagePicker.swift */,
				643D1D552BCF22250074DFDB /* LoginViewViewModel.swift */,
				643D1D5F2BCF22260074DFDB /* MuscleListView.swift */,
				643D1D602BCF22260074DFDB /* navigationBarTest.swift */,
				643D1D652BCF22260074DFDB /* NetworkModel.swift */,
				643D1D532BCF22250074DFDB /* RegistrationActivityView.swift */,
				643D1D642BCF22260074DFDB /* SignInRootView.swift */,
				643D1D5C2BCF22250074DFDB /* SignInView.swift */,
				643D1D582BCF22250074DFDB /* StorageManager.swift */,
				F0153D632BCF1D600027119F /* GymAPPApp.swift */,
				F0153D672BCF1D620027119F /* Assets.xcassets */,
				F0153D692BCF1D620027119F /* GymAPP.entitlements */,
				F0153D6A2BCF1D620027119F /* Preview Content */,
			);
			path = GymAPP;
			sourceTree = "<group>";
		};
		F0153D6A2BCF1D620027119F /* Preview Content */ = {
			isa = PBXGroup;
			children = (
				F0153D6B2BCF1D620027119F /* Preview Assets.xcassets */,
			);
			path = "Preview Content";
			sourceTree = "<group>";
		};
		F0153D742BCF1D620027119F /* GymAPPTests */ = {
			isa = PBXGroup;
			children = (
				F0153D752BCF1D620027119F /* GymAPPTests.swift */,
			);
			path = GymAPPTests;
			sourceTree = "<group>";
		};
		F0153D7E2BCF1D620027119F /* GymAPPUITests */ = {
			isa = PBXGroup;
			children = (
				F0153D7F2BCF1D620027119F /* GymAPPUITests.swift */,
				F0153D812BCF1D620027119F /* GymAPPUITestsLaunchTests.swift */,
			);
			path = GymAPPUITests;
			sourceTree = "<group>";
		};
/* End PBXGroup section */

/* Begin PBXNativeTarget section */
		F0153D5F2BCF1D600027119F /* GymAPP */ = {
			isa = PBXNativeTarget;
			buildConfigurationList = F0153D852BCF1D620027119F /* Build configuration list for PBXNativeTarget "GymAPP" */;
			buildPhases = (
				F0153D5C2BCF1D600027119F /* Sources */,
				F0153D5D2BCF1D600027119F /* Frameworks */,
				F0153D5E2BCF1D600027119F /* Resources */,
			);
			buildRules = (
			);
			dependencies = (
			);
			name = GymAPP;
			packageProductDependencies = (
				643D1D7A2BCF23060074DFDB /* FirebaseAnalytics */,
				643D1D7C2BCF23060074DFDB /* FirebaseAuth */,
				643D1D7E2BCF23060074DFDB /* FirebaseFirestore */,
				643D1D802BCF23060074DFDB /* FirebaseStorage */,
				643D1D862BCF25650074DFDB /* FirebaseFunctions */,
				643D1D882BCF25650074DFDB /* FirebaseInstallations */,
				643D1D8A2BCF25650074DFDB /* FirebaseMessaging */,
				643D1D8C2BCF25650074DFDB /* FirebasePerformance */,
			);
			productName = GymAPP;
			productReference = F0153D602BCF1D600027119F /* GymAPP.app */;
			productType = "com.apple.product-type.application";
		};
		F0153D702BCF1D620027119F /* GymAPPTests */ = {
			isa = PBXNativeTarget;
			buildConfigurationList = F0153D882BCF1D620027119F /* Build configuration list for PBXNativeTarget "GymAPPTests" */;
			buildPhases = (
				F0153D6D2BCF1D620027119F /* Sources */,
				F0153D6E2BCF1D620027119F /* Frameworks */,
				F0153D6F2BCF1D620027119F /* Resources */,
			);
			buildRules = (
			);
			dependencies = (
				F0153D732BCF1D620027119F /* PBXTargetDependency */,
			);
			name = GymAPPTests;
			productName = GymAPPTests;
			productReference = F0153D712BCF1D620027119F /* GymAPPTests.xctest */;
			productType = "com.apple.product-type.bundle.unit-test";
		};
		F0153D7A2BCF1D620027119F /* GymAPPUITests */ = {
			isa = PBXNativeTarget;
			buildConfigurationList = F0153D8B2BCF1D620027119F /* Build configuration list for PBXNativeTarget "GymAPPUITests" */;
			buildPhases = (
				F0153D772BCF1D620027119F /* Sources */,
				F0153D782BCF1D620027119F /* Frameworks */,
				F0153D792BCF1D620027119F /* Resources */,
			);
			buildRules = (
			);
			dependencies = (
				F0153D7D2BCF1D620027119F /* PBXTargetDependency */,
			);
			name = GymAPPUITests;
			productName = GymAPPUITests;
			productReference = F0153D7B2BCF1D620027119F /* GymAPPUITests.xctest */;
			productType = "com.apple.product-type.bundle.ui-testing";
		};
/* End PBXNativeTarget section */

/* Begin PBXProject section */
		F0153D582BCF1D600027119F /* Project object */ = {
			isa = PBXProject;
			attributes = {
				BuildIndependentTargetsInParallel = 1;
				LastSwiftUpdateCheck = 1520;
				LastUpgradeCheck = 1520;
				TargetAttributes = {
					F0153D5F2BCF1D600027119F = {
						CreatedOnToolsVersion = 15.2;
					};
					F0153D702BCF1D620027119F = {
						CreatedOnToolsVersion = 15.2;
						TestTargetID = F0153D5F2BCF1D600027119F;
					};
					F0153D7A2BCF1D620027119F = {
						CreatedOnToolsVersion = 15.2;
						TestTargetID = F0153D5F2BCF1D600027119F;
					};
				};
			};
			buildConfigurationList = F0153D5B2BCF1D600027119F /* Build configuration list for PBXProject "GymAPP" */;
			compatibilityVersion = "Xcode 14.0";
			developmentRegion = en;
			hasScannedForEncodings = 0;
			knownRegions = (
				en,
				Base,
			);
			mainGroup = F0153D572BCF1D600027119F;
			packageReferences = (
				643D1D792BCF23060074DFDB /* XCRemoteSwiftPackageReference "firebase-ios-sdk" */,
			);
			productRefGroup = F0153D612BCF1D600027119F /* Products */;
			projectDirPath = "";
			projectRoot = "";
			targets = (
				F0153D5F2BCF1D600027119F /* GymAPP */,
				F0153D702BCF1D620027119F /* GymAPPTests */,
				F0153D7A2BCF1D620027119F /* GymAPPUITests */,
			);
		};
/* End PBXProject section */

/* Begin PBXResourcesBuildPhase section */
		F0153D5E2BCF1D600027119F /* Resources */ = {
			isa = PBXResourcesBuildPhase;
			buildActionMask = 2147483647;
			files = (
				F0153D6C2BCF1D620027119F /* Preview Assets.xcassets in Resources */,
				643D1D852BCF25020074DFDB /* GoogleService-Info (1).plist in Resources */,
				F0153D682BCF1D620027119F /* Assets.xcassets in Resources */,
			);
			runOnlyForDeploymentPostprocessing = 0;
		};
		F0153D6F2BCF1D620027119F /* Resources */ = {
			isa = PBXResourcesBuildPhase;
			buildActionMask = 2147483647;
			files = (
			);
			runOnlyForDeploymentPostprocessing = 0;
		};
		F0153D792BCF1D620027119F /* Resources */ = {
			isa = PBXResourcesBuildPhase;
			buildActionMask = 2147483647;
			files = (
			);
			runOnlyForDeploymentPostprocessing = 0;
		};
/* End PBXResourcesBuildPhase section */

/* Begin PBXSourcesBuildPhase section */
		F0153D5C2BCF1D600027119F /* Sources */ = {
			isa = PBXSourcesBuildPhase;
			buildActionMask = 2147483647;
			files = (
				643D1D732BCF22260074DFDB /* navigationBarTest.swift in Sources */,
				643D1D662BCF22260074DFDB /* RegistrationActivityView.swift in Sources */,
				643D1D722BCF22260074DFDB /* MuscleListView.swift in Sources */,
				643D1D6A2BCF22260074DFDB /* ExerciseListView.swift in Sources */,
				643D1D6E2BCF22260074DFDB /* DetailView.swift in Sources */,
				643D1D782BCF22260074DFDB /* NetworkModel.swift in Sources */,
				643D1D6D2BCF22260074DFDB /* CategoryRow.swift in Sources */,
				F0153D642BCF1D600027119F /* GymAPPApp.swift in Sources */,
				643D1D752BCF22260074DFDB /* ImagePicker.swift in Sources */,
				643D1D672BCF22260074DFDB /* cameraView.swift in Sources */,
				643D1D702BCF22260074DFDB /* contextMenu.swift in Sources */,
				643D1D712BCF22260074DFDB /* AuthenticationManager.swift in Sources */,
				643D1D6F2BCF22260074DFDB /* SignInView.swift in Sources */,
				643D1D6C2BCF22260074DFDB /* Exercise.swift in Sources */,
				643D1D832BCF238C0074DFDB /* ContentView.swift in Sources */,
				643D1D682BCF22260074DFDB /* LoginViewViewModel.swift in Sources */,
				643D1D772BCF22260074DFDB /* SignInRootView.swift in Sources */,
				643D1D6B2BCF22260074DFDB /* StorageManager.swift in Sources */,
			);
			runOnlyForDeploymentPostprocessing = 0;
		};
		F0153D6D2BCF1D620027119F /* Sources */ = {
			isa = PBXSourcesBuildPhase;
			buildActionMask = 2147483647;
			files = (
				F0153D762BCF1D620027119F /* GymAPPTests.swift in Sources */,
			);
			runOnlyForDeploymentPostprocessing = 0;
		};
		F0153D772BCF1D620027119F /* Sources */ = {
			isa = PBXSourcesBuildPhase;
			buildActionMask = 2147483647;
			files = (
				F0153D822BCF1D620027119F /* GymAPPUITestsLaunchTests.swift in Sources */,
				F0153D802BCF1D620027119F /* GymAPPUITests.swift in Sources */,
			);
			runOnlyForDeploymentPostprocessing = 0;
		};
/* End PBXSourcesBuildPhase section */

/* Begin PBXTargetDependency section */
		F0153D732BCF1D620027119F /* PBXTargetDependency */ = {
			isa = PBXTargetDependency;
			target = F0153D5F2BCF1D600027119F /* GymAPP */;
			targetProxy = F0153D722BCF1D620027119F /* PBXContainerItemProxy */;
		};
		F0153D7D2BCF1D620027119F /* PBXTargetDependency */ = {
			isa = PBXTargetDependency;
			target = F0153D5F2BCF1D600027119F /* GymAPP */;
			targetProxy = F0153D7C2BCF1D620027119F /* PBXContainerItemProxy */;
		};
/* End PBXTargetDependency section */

/* Begin XCBuildConfiguration section */
		F0153D832BCF1D620027119F /* Debug */ = {
			isa = XCBuildConfiguration;
			buildSettings = {
				ALWAYS_SEARCH_USER_PATHS = NO;
				ASSETCATALOG_COMPILER_GENERATE_SWIFT_ASSET_SYMBOL_EXTENSIONS = YES;
				CLANG_ANALYZER_NONNULL = YES;
				CLANG_ANALYZER_NUMBER_OBJECT_CONVERSION = YES_AGGRESSIVE;
				CLANG_CXX_LANGUAGE_STANDARD = "gnu++20";
				CLANG_ENABLE_MODULES = YES;
				CLANG_ENABLE_OBJC_ARC = YES;
				CLANG_ENABLE_OBJC_WEAK = YES;
				CLANG_WARN_BLOCK_CAPTURE_AUTORELEASING = YES;
				CLANG_WARN_BOOL_CONVERSION = YES;
				CLANG_WARN_COMMA = YES;
				CLANG_WARN_CONSTANT_CONVERSION = YES;
				CLANG_WARN_DEPRECATED_OBJC_IMPLEMENTATIONS = YES;
				CLANG_WARN_DIRECT_OBJC_ISA_USAGE = YES_ERROR;
				CLANG_WARN_DOCUMENTATION_COMMENTS = YES;
				CLANG_WARN_EMPTY_BODY = YES;
				CLANG_WARN_ENUM_CONVERSION = YES;
				CLANG_WARN_INFINITE_RECURSION = YES;
				CLANG_WARN_INT_CONVERSION = YES;
				CLANG_WARN_NON_LITERAL_NULL_CONVERSION = YES;
				CLANG_WARN_OBJC_IMPLICIT_RETAIN_SELF = YES;
				CLANG_WARN_OBJC_LITERAL_CONVERSION = YES;
				CLANG_WARN_OBJC_ROOT_CLASS = YES_ERROR;
				CLANG_WARN_QUOTED_INCLUDE_IN_FRAMEWORK_HEADER = YES;
				CLANG_WARN_RANGE_LOOP_ANALYSIS = YES;
				CLANG_WARN_STRICT_PROTOTYPES = YES;
				CLANG_WARN_SUSPICIOUS_MOVE = YES;
				CLANG_WARN_UNGUARDED_AVAILABILITY = YES_AGGRESSIVE;
				CLANG_WARN_UNREACHABLE_CODE = YES;
				CLANG_WARN__DUPLICATE_METHOD_MATCH = YES;
				COPY_PHASE_STRIP = NO;
				DEBUG_INFORMATION_FORMAT = dwarf;
				ENABLE_STRICT_OBJC_MSGSEND = YES;
				ENABLE_TESTABILITY = YES;
				ENABLE_USER_SCRIPT_SANDBOXING = YES;
				GCC_C_LANGUAGE_STANDARD = gnu17;
				GCC_DYNAMIC_NO_PIC = NO;
				GCC_NO_COMMON_BLOCKS = YES;
				GCC_OPTIMIZATION_LEVEL = 0;
				GCC_PREPROCESSOR_DEFINITIONS = (
					"DEBUG=1",
					"$(inherited)",
				);
				GCC_WARN_64_TO_32_BIT_CONVERSION = YES;
				GCC_WARN_ABOUT_RETURN_TYPE = YES_ERROR;
				GCC_WARN_UNDECLARED_SELECTOR = YES;
				GCC_WARN_UNINITIALIZED_AUTOS = YES_AGGRESSIVE;
				GCC_WARN_UNUSED_FUNCTION = YES;
				GCC_WARN_UNUSED_VARIABLE = YES;
				LOCALIZATION_PREFERS_STRING_CATALOGS = YES;
				MTL_ENABLE_DEBUG_INFO = INCLUDE_SOURCE;
				MTL_FAST_MATH = YES;
				ONLY_ACTIVE_ARCH = YES;
				SWIFT_ACTIVE_COMPILATION_CONDITIONS = "DEBUG $(inherited)";
				SWIFT_OPTIMIZATION_LEVEL = "-Onone";
			};
			name = Debug;
		};
		F0153D842BCF1D620027119F /* Release */ = {
			isa = XCBuildConfiguration;
			buildSettings = {
				ALWAYS_SEARCH_USER_PATHS = NO;
				ASSETCATALOG_COMPILER_GENERATE_SWIFT_ASSET_SYMBOL_EXTENSIONS = YES;
				CLANG_ANALYZER_NONNULL = YES;
				CLANG_ANALYZER_NUMBER_OBJECT_CONVERSION = YES_AGGRESSIVE;
				CLANG_CXX_LANGUAGE_STANDARD = "gnu++20";
				CLANG_ENABLE_MODULES = YES;
				CLANG_ENABLE_OBJC_ARC = YES;
				CLANG_ENABLE_OBJC_WEAK = YES;
				CLANG_WARN_BLOCK_CAPTURE_AUTORELEASING = YES;
				CLANG_WARN_BOOL_CONVERSION = YES;
				CLANG_WARN_COMMA = YES;
				CLANG_WARN_CONSTANT_CONVERSION = YES;
				CLANG_WARN_DEPRECATED_OBJC_IMPLEMENTATIONS = YES;
				CLANG_WARN_DIRECT_OBJC_ISA_USAGE = YES_ERROR;
				CLANG_WARN_DOCUMENTATION_COMMENTS = YES;
				CLANG_WARN_EMPTY_BODY = YES;
				CLANG_WARN_ENUM_CONVERSION = YES;
				CLANG_WARN_INFINITE_RECURSION = YES;
				CLANG_WARN_INT_CONVERSION = YES;
				CLANG_WARN_NON_LITERAL_NULL_CONVERSION = YES;
				CLANG_WARN_OBJC_IMPLICIT_RETAIN_SELF = YES;
				CLANG_WARN_OBJC_LITERAL_CONVERSION = YES;
				CLANG_WARN_OBJC_ROOT_CLASS = YES_ERROR;
				CLANG_WARN_QUOTED_INCLUDE_IN_FRAMEWORK_HEADER = YES;
				CLANG_WARN_RANGE_LOOP_ANALYSIS = YES;
				CLANG_WARN_STRICT_PROTOTYPES = YES;
				CLANG_WARN_SUSPICIOUS_MOVE = YES;
				CLANG_WARN_UNGUARDED_AVAILABILITY = YES_AGGRESSIVE;
				CLANG_WARN_UNREACHABLE_CODE = YES;
				CLANG_WARN__DUPLICATE_METHOD_MATCH = YES;
				COPY_PHASE_STRIP = NO;
				DEBUG_INFORMATION_FORMAT = "dwarf-with-dsym";
				ENABLE_NS_ASSERTIONS = NO;
				ENABLE_STRICT_OBJC_MSGSEND = YES;
				ENABLE_USER_SCRIPT_SANDBOXING = YES;
				GCC_C_LANGUAGE_STANDARD = gnu17;
				GCC_NO_COMMON_BLOCKS = YES;
				GCC_WARN_64_TO_32_BIT_CONVERSION = YES;
				GCC_WARN_ABOUT_RETURN_TYPE = YES_ERROR;
				GCC_WARN_UNDECLARED_SELECTOR = YES;
				GCC_WARN_UNINITIALIZED_AUTOS = YES_AGGRESSIVE;
				GCC_WARN_UNUSED_FUNCTION = YES;
				GCC_WARN_UNUSED_VARIABLE = YES;
				LOCALIZATION_PREFERS_STRING_CATALOGS = YES;
				MTL_ENABLE_DEBUG_INFO = NO;
				MTL_FAST_MATH = YES;
				SWIFT_COMPILATION_MODE = wholemodule;
			};
			name = Release;
		};
		F0153D862BCF1D620027119F /* Debug */ = {
			isa = XCBuildConfiguration;
			buildSettings = {
				ASSETCATALOG_COMPILER_APPICON_NAME = AppIcon;
				ASSETCATALOG_COMPILER_GLOBAL_ACCENT_COLOR_NAME = AccentColor;
				CODE_SIGN_ENTITLEMENTS = GymAPP/GymAPP.entitlements;
				CODE_SIGN_IDENTITY = "Apple Development";
				"CODE_SIGN_IDENTITY[sdk=macosx*]" = "-";
				CODE_SIGN_STYLE = Automatic;
				CURRENT_PROJECT_VERSION = 1;
				DEVELOPMENT_ASSET_PATHS = "\"GymAPP/Preview Content\"";
				DEVELOPMENT_TEAM = BF2DPT75LQ;
				ENABLE_HARDENED_RUNTIME = YES;
				ENABLE_PREVIEWS = YES;
				GENERATE_INFOPLIST_FILE = YES;
				"INFOPLIST_KEY_UIApplicationSceneManifest_Generation[sdk=iphoneos*]" = YES;
				"INFOPLIST_KEY_UIApplicationSceneManifest_Generation[sdk=iphonesimulator*]" = YES;
				"INFOPLIST_KEY_UIApplicationSupportsIndirectInputEvents[sdk=iphoneos*]" = YES;
				"INFOPLIST_KEY_UIApplicationSupportsIndirectInputEvents[sdk=iphonesimulator*]" = YES;
				"INFOPLIST_KEY_UILaunchScreen_Generation[sdk=iphoneos*]" = YES;
				"INFOPLIST_KEY_UILaunchScreen_Generation[sdk=iphonesimulator*]" = YES;
				"INFOPLIST_KEY_UIStatusBarStyle[sdk=iphoneos*]" = UIStatusBarStyleDefault;
				"INFOPLIST_KEY_UIStatusBarStyle[sdk=iphonesimulator*]" = UIStatusBarStyleDefault;
				INFOPLIST_KEY_UISupportedInterfaceOrientations_iPad = "UIInterfaceOrientationPortrait UIInterfaceOrientationPortraitUpsideDown UIInterfaceOrientationLandscapeLeft UIInterfaceOrientationLandscapeRight";
				INFOPLIST_KEY_UISupportedInterfaceOrientations_iPhone = "UIInterfaceOrientationPortrait UIInterfaceOrientationLandscapeLeft UIInterfaceOrientationLandscapeRight";
				IPHONEOS_DEPLOYMENT_TARGET = 17.2;
				LD_RUNPATH_SEARCH_PATHS = "@executable_path/Frameworks";
				"LD_RUNPATH_SEARCH_PATHS[sdk=macosx*]" = "@executable_path/../Frameworks";
				MACOSX_DEPLOYMENT_TARGET = 14.2;
				MARKETING_VERSION = 1.0;
				PRODUCT_BUNDLE_IDENTIFIER = edd.GymAPP;
				PRODUCT_NAME = "$(TARGET_NAME)";
				PROVISIONING_PROFILE_SPECIFIER = "";
				SDKROOT = auto;
				SUPPORTED_PLATFORMS = "iphoneos iphonesimulator macosx";
				SWIFT_EMIT_LOC_STRINGS = YES;
				SWIFT_VERSION = 5.0;
				TARGETED_DEVICE_FAMILY = "1,2";
			};
			name = Debug;
		};
		F0153D872BCF1D620027119F /* Release */ = {
			isa = XCBuildConfiguration;
			buildSettings = {
				ASSETCATALOG_COMPILER_APPICON_NAME = AppIcon;
				ASSETCATALOG_COMPILER_GLOBAL_ACCENT_COLOR_NAME = AccentColor;
				CODE_SIGN_ENTITLEMENTS = GymAPP/GymAPP.entitlements;
				CODE_SIGN_IDENTITY = "Apple Development";
				"CODE_SIGN_IDENTITY[sdk=macosx*]" = "-";
				CODE_SIGN_STYLE = Automatic;
				CURRENT_PROJECT_VERSION = 1;
				DEVELOPMENT_ASSET_PATHS = "\"GymAPP/Preview Content\"";
				DEVELOPMENT_TEAM = BF2DPT75LQ;
				ENABLE_HARDENED_RUNTIME = YES;
				ENABLE_PREVIEWS = YES;
				GENERATE_INFOPLIST_FILE = YES;
				"INFOPLIST_KEY_UIApplicationSceneManifest_Generation[sdk=iphoneos*]" = YES;
				"INFOPLIST_KEY_UIApplicationSceneManifest_Generation[sdk=iphonesimulator*]" = YES;
				"INFOPLIST_KEY_UIApplicationSupportsIndirectInputEvents[sdk=iphoneos*]" = YES;
				"INFOPLIST_KEY_UIApplicationSupportsIndirectInputEvents[sdk=iphonesimulator*]" = YES;
				"INFOPLIST_KEY_UILaunchScreen_Generation[sdk=iphoneos*]" = YES;
				"INFOPLIST_KEY_UILaunchScreen_Generation[sdk=iphonesimulator*]" = YES;
				"INFOPLIST_KEY_UIStatusBarStyle[sdk=iphoneos*]" = UIStatusBarStyleDefault;
				"INFOPLIST_KEY_UIStatusBarStyle[sdk=iphonesimulator*]" = UIStatusBarStyleDefault;
				INFOPLIST_KEY_UISupportedInterfaceOrientations_iPad = "UIInterfaceOrientationPortrait UIInterfaceOrientationPortraitUpsideDown UIInterfaceOrientationLandscapeLeft UIInterfaceOrientationLandscapeRight";
				INFOPLIST_KEY_UISupportedInterfaceOrientations_iPhone = "UIInterfaceOrientationPortrait UIInterfaceOrientationLandscapeLeft UIInterfaceOrientationLandscapeRight";
				IPHONEOS_DEPLOYMENT_TARGET = 17.2;
				LD_RUNPATH_SEARCH_PATHS = "@executable_path/Frameworks";
				"LD_RUNPATH_SEARCH_PATHS[sdk=macosx*]" = "@executable_path/../Frameworks";
				MACOSX_DEPLOYMENT_TARGET = 14.2;
				MARKETING_VERSION = 1.0;
				PRODUCT_BUNDLE_IDENTIFIER = edd.GymAPP;
				PRODUCT_NAME = "$(TARGET_NAME)";
				PROVISIONING_PROFILE_SPECIFIER = "";
				SDKROOT = auto;
				SUPPORTED_PLATFORMS = "iphoneos iphonesimulator macosx";
				SWIFT_EMIT_LOC_STRINGS = YES;
				SWIFT_VERSION = 5.0;
				TARGETED_DEVICE_FAMILY = "1,2";
			};
			name = Release;
		};
		F0153D892BCF1D620027119F /* Debug */ = {
			isa = XCBuildConfiguration;
			buildSettings = {
				ALWAYS_EMBED_SWIFT_STANDARD_LIBRARIES = YES;
				BUNDLE_LOADER = "$(TEST_HOST)";
				CODE_SIGN_STYLE = Automatic;
				CURRENT_PROJECT_VERSION = 1;
				DEVELOPMENT_TEAM = V76C279322;
				GENERATE_INFOPLIST_FILE = YES;
				IPHONEOS_DEPLOYMENT_TARGET = 17.2;
				MACOSX_DEPLOYMENT_TARGET = 14.2;
				MARKETING_VERSION = 1.0;
				PRODUCT_BUNDLE_IDENTIFIER = edd.GymAPPTests;
				PRODUCT_NAME = "$(TARGET_NAME)";
				SDKROOT = auto;
				SUPPORTED_PLATFORMS = "iphoneos iphonesimulator macosx";
				SWIFT_EMIT_LOC_STRINGS = NO;
				SWIFT_VERSION = 5.0;
				TARGETED_DEVICE_FAMILY = "1,2";
				TEST_HOST = "$(BUILT_PRODUCTS_DIR)/GymAPP.app/$(BUNDLE_EXECUTABLE_FOLDER_PATH)/GymAPP";
			};
			name = Debug;
		};
		F0153D8A2BCF1D620027119F /* Release */ = {
			isa = XCBuildConfiguration;
			buildSettings = {
				ALWAYS_EMBED_SWIFT_STANDARD_LIBRARIES = YES;
				BUNDLE_LOADER = "$(TEST_HOST)";
				CODE_SIGN_STYLE = Automatic;
				CURRENT_PROJECT_VERSION = 1;
				DEVELOPMENT_TEAM = V76C279322;
				GENERATE_INFOPLIST_FILE = YES;
				IPHONEOS_DEPLOYMENT_TARGET = 17.2;
				MACOSX_DEPLOYMENT_TARGET = 14.2;
				MARKETING_VERSION = 1.0;
				PRODUCT_BUNDLE_IDENTIFIER = edd.GymAPPTests;
				PRODUCT_NAME = "$(TARGET_NAME)";
				SDKROOT = auto;
				SUPPORTED_PLATFORMS = "iphoneos iphonesimulator macosx";
				SWIFT_EMIT_LOC_STRINGS = NO;
				SWIFT_VERSION = 5.0;
				TARGETED_DEVICE_FAMILY = "1,2";
				TEST_HOST = "$(BUILT_PRODUCTS_DIR)/GymAPP.app/$(BUNDLE_EXECUTABLE_FOLDER_PATH)/GymAPP";
			};
			name = Release;
		};
		F0153D8C2BCF1D620027119F /* Debug */ = {
			isa = XCBuildConfiguration;
			buildSettings = {
				ALWAYS_EMBED_SWIFT_STANDARD_LIBRARIES = YES;
				CODE_SIGN_STYLE = Automatic;
				CURRENT_PROJECT_VERSION = 1;
				DEVELOPMENT_TEAM = V76C279322;
				GENERATE_INFOPLIST_FILE = YES;
				IPHONEOS_DEPLOYMENT_TARGET = 17.2;
				MACOSX_DEPLOYMENT_TARGET = 14.2;
				MARKETING_VERSION = 1.0;
				PRODUCT_BUNDLE_IDENTIFIER = edd.GymAPPUITests;
				PRODUCT_NAME = "$(TARGET_NAME)";
				SDKROOT = auto;
				SUPPORTED_PLATFORMS = "iphoneos iphonesimulator macosx";
				SWIFT_EMIT_LOC_STRINGS = NO;
				SWIFT_VERSION = 5.0;
				TARGETED_DEVICE_FAMILY = "1,2";
				TEST_TARGET_NAME = GymAPP;
			};
			name = Debug;
		};
		F0153D8D2BCF1D620027119F /* Release */ = {
			isa = XCBuildConfiguration;
			buildSettings = {
				ALWAYS_EMBED_SWIFT_STANDARD_LIBRARIES = YES;
				CODE_SIGN_STYLE = Automatic;
				CURRENT_PROJECT_VERSION = 1;
				DEVELOPMENT_TEAM = V76C279322;
				GENERATE_INFOPLIST_FILE = YES;
				IPHONEOS_DEPLOYMENT_TARGET = 17.2;
				MACOSX_DEPLOYMENT_TARGET = 14.2;
				MARKETING_VERSION = 1.0;
				PRODUCT_BUNDLE_IDENTIFIER = edd.GymAPPUITests;
				PRODUCT_NAME = "$(TARGET_NAME)";
				SDKROOT = auto;
				SUPPORTED_PLATFORMS = "iphoneos iphonesimulator macosx";
				SWIFT_EMIT_LOC_STRINGS = NO;
				SWIFT_VERSION = 5.0;
				TARGETED_DEVICE_FAMILY = "1,2";
				TEST_TARGET_NAME = GymAPP;
			};
			name = Release;
		};
/* End XCBuildConfiguration section */

/* Begin XCConfigurationList section */
		F0153D5B2BCF1D600027119F /* Build configuration list for PBXProject "GymAPP" */ = {
			isa = XCConfigurationList;
			buildConfigurations = (
				F0153D832BCF1D620027119F /* Debug */,
				F0153D842BCF1D620027119F /* Release */,
			);
			defaultConfigurationIsVisible = 0;
			defaultConfigurationName = Release;
		};
		F0153D852BCF1D620027119F /* Build configuration list for PBXNativeTarget "GymAPP" */ = {
			isa = XCConfigurationList;
			buildConfigurations = (
				F0153D862BCF1D620027119F /* Debug */,
				F0153D872BCF1D620027119F /* Release */,
			);
			defaultConfigurationIsVisible = 0;
			defaultConfigurationName = Release;
		};
		F0153D882BCF1D620027119F /* Build configuration list for PBXNativeTarget "GymAPPTests" */ = {
			isa = XCConfigurationList;
			buildConfigurations = (
				F0153D892BCF1D620027119F /* Debug */,
				F0153D8A2BCF1D620027119F /* Release */,
			);
			defaultConfigurationIsVisible = 0;
			defaultConfigurationName = Release;
		};
		F0153D8B2BCF1D620027119F /* Build configuration list for PBXNativeTarget "GymAPPUITests" */ = {
			isa = XCConfigurationList;
			buildConfigurations = (
				F0153D8C2BCF1D620027119F /* Debug */,
				F0153D8D2BCF1D620027119F /* Release */,
			);
			defaultConfigurationIsVisible = 0;
			defaultConfigurationName = Release;
		};
/* End XCConfigurationList section */

/* Begin XCRemoteSwiftPackageReference section */
		643D1D792BCF23060074DFDB /* XCRemoteSwiftPackageReference "firebase-ios-sdk" */ = {
			isa = XCRemoteSwiftPackageReference;
			repositoryURL = "https://github.com/firebase/firebase-ios-sdk";
			requirement = {
				kind = upToNextMajorVersion;
				minimumVersion = 10.24.0;
			};
		};
/* End XCRemoteSwiftPackageReference section */

/* Begin XCSwiftPackageProductDependency section */
		643D1D7A2BCF23060074DFDB /* FirebaseAnalytics */ = {
			isa = XCSwiftPackageProductDependency;
			package = 643D1D792BCF23060074DFDB /* XCRemoteSwiftPackageReference "firebase-ios-sdk" */;
			productName = FirebaseAnalytics;
		};
		643D1D7C2BCF23060074DFDB /* FirebaseAuth */ = {
			isa = XCSwiftPackageProductDependency;
			package = 643D1D792BCF23060074DFDB /* XCRemoteSwiftPackageReference "firebase-ios-sdk" */;
			productName = FirebaseAuth;
		};
		643D1D7E2BCF23060074DFDB /* FirebaseFirestore */ = {
			isa = XCSwiftPackageProductDependency;
			package = 643D1D792BCF23060074DFDB /* XCRemoteSwiftPackageReference "firebase-ios-sdk" */;
			productName = FirebaseFirestore;
		};
		643D1D802BCF23060074DFDB /* FirebaseStorage */ = {
			isa = XCSwiftPackageProductDependency;
			package = 643D1D792BCF23060074DFDB /* XCRemoteSwiftPackageReference "firebase-ios-sdk" */;
			productName = FirebaseStorage;
		};
		643D1D862BCF25650074DFDB /* FirebaseFunctions */ = {
			isa = XCSwiftPackageProductDependency;
			package = 643D1D792BCF23060074DFDB /* XCRemoteSwiftPackageReference "firebase-ios-sdk" */;
			productName = FirebaseFunctions;
		};
		643D1D882BCF25650074DFDB /* FirebaseInstallations */ = {
			isa = XCSwiftPackageProductDependency;
			package = 643D1D792BCF23060074DFDB /* XCRemoteSwiftPackageReference "firebase-ios-sdk" */;
			productName = FirebaseInstallations;
		};
		643D1D8A2BCF25650074DFDB /* FirebaseMessaging */ = {
			isa = XCSwiftPackageProductDependency;
			package = 643D1D792BCF23060074DFDB /* XCRemoteSwiftPackageReference "firebase-ios-sdk" */;
			productName = FirebaseMessaging;
		};
		643D1D8C2BCF25650074DFDB /* FirebasePerformance */ = {
			isa = XCSwiftPackageProductDependency;
			package = 643D1D792BCF23060074DFDB /* XCRemoteSwiftPackageReference "firebase-ios-sdk" */;
			productName = FirebasePerformance;
		};
/* End XCSwiftPackageProductDependency section */
	};
	rootObject = F0153D582BCF1D600027119F /* Project object */;
}
